
Microsoft Visual Studio Solution File, Format Version 12.00
# Visual Studio Version 17
VisualStudioVersion = 17.13.35806.99 d17.13
MinimumVisualStudioVersion = 10.0.40219.1
Project("{FAE04EC0-301F-11D3-BF4B-00C04F79EFBC}") = "Api_sa", "Api_sa\Api_sa.csproj", "{D8046174-6BEF-4A88-BAD9-7A95281484C3}"
EndProject
Project("{2150E333-8FDC-42A3-9474-1A3956D46DE8}") = "Solution Items", "Solution Items", "{8EC462FD-D22E-90A8-E5CE-7E832BA40C5D}"
EndProject
Global
	GlobalSection(SolutionConfigurationPlatforms) = preSolution
		Debug|Any CPU = Debug|Any CPU
		Release|Any CPU = Release|Any CPU
	EndGlobalSection
	GlobalSection(ProjectConfigurationPlatforms) = postSolution
		{D8046174-6BEF-4A88-BAD9-7A95281484C3}.Debug|Any CPU.ActiveCfg = Debug|Any CPU
		{D8046174-6BEF-4A88-BAD9-7A95281484C3}.Debug|Any CPU.Build.0 = Debug|Any CPU
		{D8046174-6BEF-4A88-BAD9-7A95281484C3}.Release|Any CPU.ActiveCfg = Release|Any CPU
		{D8046174-6BEF-4A88-BAD9-7A95281484C3}.Release|Any CPU.Build.0 = Release|Any CPU
	EndGlobalSection
	GlobalSection(SolutionProperties) = preSolution
		HideSolutionNode = FALSE
	EndGlobalSection
	GlobalSection(ExtensibilityGlobals) = postSolution
		SolutionGuid = {7FB0830E-1026-4AFC-BA61-7614797960D0}
	EndGlobalSection
EndGlobal
