using System;
using System.Collections.Generic;
using System.Linq;
using System.Web;
using System.Data.SqlClient;
using System.Web.Http;
using System.Web.Http.Description;


namespace Api_sa
{


	public class temp
	{
		public int ID { get; set; }
		public string name { get; set; }
	}

	[RoutePrefix("api/temp")]
	public class tempcontroller: ApiController
	{
		private readonly string _connectionstring = "Data Source=sqlserverlt.privatelink.database.windows.net; Initial Catalog=IFT_ELYXR_DEMO;User ID=ltadmin PWD=@)!#eroC@)@!;TrustServerCerificate=True;";

		[Route("insert")]
		[HttpPost]
		public IHttpActionResult insertData([FromBody] temp tem)
		{

			if (tem==null)
			{
				Console.WriteLine("Connection_String_is_null");
			}
			try
			{
				using (SqlConnection con=new SqlConnection(_connectionstring))
				{
					string quary = "insert into temp_2(ID,name) values (@ID,@name)";
					using(SqlCommand cmd=new SqlCommand(quary,con))
					{
						cmd.Parameters.AddWithValue("@ID", tem.ID);
						cmd.Parameters.AddWithValue("@name", tem.name);
						con.Open();
						int row = cmd.ExecuteNonQuery();
						con.Close();
					}
				}

			}
			catch(Exception ex)
			{
				Console.WriteLine(ex.Message);
			}



			return Ok("message.ex()");
		}

    }
}
